// !$*UTF8*$!
{
	archiveVersion = 1;
	classes = {
	};
	objectVersion = 46;
	objects = {

/* Begin PBXBuildFile section */
		374D35B41C16A56100F8BBBB /* AppDelegate.swift in Sources */ = {isa = PBXBuildFile; fileRef = 374D35B31C16A56100F8BBBB /* AppDelegate.swift */; };
		374D35B61C16A56100F8BBBB /* ViewController.swift in Sources */ = {isa = PBXBuildFile; fileRef = 374D35B51C16A56100F8BBBB /* ViewController.swift */; };
		374D35B91C16A56100F8BBBB /* Main.storyboard in Resources */ = {isa = PBXBuildFile; fileRef = 374D35B71C16A56100F8BBBB /* Main.storyboard */; };
		374D35BC1C16A56100F8BBBB /* ToDoList.xcdatamodeld in Sources */ = {isa = PBXBuildFile; fileRef = 374D35BA1C16A56100F8BBBB /* ToDoList.xcdatamodeld */; };
		374D35BE1C16A56100F8BBBB /* Assets.xcassets in Resources */ = {isa = PBXBuildFile; fileRef = 374D35BD1C16A56100F8BBBB /* Assets.xcassets */; };
		374D35C11C16A56100F8BBBB /* LaunchScreen.storyboard in Resources */ = {isa = PBXBuildFile; fileRef = 374D35BF1C16A56100F8BBBB /* LaunchScreen.storyboard */; };
		374D35CC1C16A56100F8BBBB /* ToDoListTests.swift in Sources */ = {isa = PBXBuildFile; fileRef = 374D35CB1C16A56100F8BBBB /* ToDoListTests.swift */; };
		374D35D71C16A56100F8BBBB /* ToDoListUITests.swift in Sources */ = {isa = PBXBuildFile; fileRef = 374D35D61C16A56100F8BBBB /* ToDoListUITests.swift */; };
/* End PBXBuildFile section */

/* Begin PBXContainerItemProxy section */
		374D35C81C16A56100F8BBBB /* PBXContainerItemProxy */ = {
			isa = PBXContainerItemProxy;
			containerPortal = 374D35A81C16A56100F8BBBB /* Project object */;
			proxyType = 1;
			remoteGlobalIDString = 374D35AF1C16A56100F8BBBB;
			remoteInfo = ToDoList;
		};
		374D35D31C16A56100F8BBBB /* PBXContainerItemProxy */ = {
			isa = PBXContainerItemProxy;
			containerPortal = 374D35A81C16A56100F8BBBB /* Project object */;
			proxyType = 1;
			remoteGlobalIDString = 374D35AF1C16A56100F8BBBB;
			remoteInfo = ToDoList;
		};
/* End PBXContainerItemProxy section */

/* Begin PBXFileReference section */
		374D35B01C16A56100F8BBBB /* ToDoList.app */ = {isa = PBXFileReference; explicitFileType = wrapper.application; includeInIndex = 0; path = ToDoList.app; sourceTree = BUILT_PRODUCTS_DIR; };
		374D35B31C16A56100F8BBBB /* AppDelegate.swift */ = {isa = PBXFileReference; lastKnownFileType = sourcecode.swift; path = AppDelegate.swift; sourceTree = "<group>"; };
		374D35B51C16A56100F8BBBB /* ViewController.swift */ = {isa = PBXFileReference; lastKnownFileType = sourcecode.swift; path = ViewController.swift; sourceTree = "<group>"; };
		374D35B81C16A56100F8BBBB /* Base */ = {isa = PBXFileReference; lastKnownFileType = file.storyboard; name = Base; path = Base.lproj/Main.storyboard; sourceTree = "<group>"; };
		374D35BB1C16A56100F8BBBB /* ToDoList.xcdatamodel */ = {isa = PBXFileReference; lastKnownFileType = wrapper.xcdatamodel; path = ToDoList.xcdatamodel; sourceTree = "<group>"; };
		374D35BD1C16A56100F8BBBB /* Assets.xcassets */ = {isa = PBXFileReference; lastKnownFileType = folder.assetcatalog; path = Assets.xcassets; sourceTree = "<group>"; };
		374D35C01C16A56100F8BBBB /* Base */ = {isa = PBXFileReference; lastKnownFileType = file.storyboard; name = Base; path = Base.lproj/LaunchScreen.storyboard; sourceTree = "<group>"; };
		374D35C21C16A56100F8BBBB /* Info.plist */ = {isa = PBXFileReference; lastKnownFileType = text.plist.xml; path = Info.plist; sourceTree = "<group>"; };
		374D35C71C16A56100F8BBBB /* ToDoListTests.xctest */ = {isa = PBXFileReference; explicitFileType = wrapper.cfbundle; includeInIndex = 0; path = ToDoListTests.xctest; sourceTree = BUILT_PRODUCTS_DIR; };
		374D35CB1C16A56100F8BBBB /* ToDoListTests.swift */ = {isa = PBXFileReference; lastKnownFileType = sourcecode.swift; path = ToDoListTests.swift; sourceTree = "<group>"; };
		374D35CD1C16A56100F8BBBB /* Info.plist */ = {isa = PBXFileReference; lastKnownFileType = text.plist.xml; path = Info.plist; sourceTree = "<group>"; };
		374D35D21C16A56100F8BBBB /* ToDoListUITests.xctest */ = {isa = PBXFileReference; explicitFileType = wrapper.cfbundle; includeInIndex = 0; path = ToDoListUITests.xctest; sourceTree = BUILT_PRODUCTS_DIR; };
		374D35D61C16A56100F8BBBB /* ToDoListUITests.swift */ = {isa = PBXFileReference; lastKnownFileType = sourcecode.swift; path = ToDoListUITests.swift; sourceTree = "<group>"; };
		374D35D81C16A56100F8BBBB /* Info.plist */ = {isa = PBXFileReference; lastKnownFileType = text.plist.xml; path = Info.plist; sourceTree = "<group>"; };
/* End PBXFileReference section */

/* Begin PBXFrameworksBuildPhase section */
		374D35AD1C16A56100F8BBBB /* Frameworks */ = {
			isa = PBXFrameworksBuildPhase;
			buildActionMask = 2147483647;
			files = (
			);
			runOnlyForDeploymentPostprocessing = 0;
		};
		374D35C41C16A56100F8BBBB /* Frameworks */ = {
			isa = PBXFrameworksBuildPhase;
			buildActionMask = 2147483647;
			files = (
			);
			runOnlyForDeploymentPostprocessing = 0;
		};
		374D35CF1C16A56100F8BBBB /* Frameworks */ = {
			isa = PBXFrameworksBuildPhase;
			buildActionMask = 2147483647;
			files = (
			);
			runOnlyForDeploymentPostprocessing = 0;
		};
/* End PBXFrameworksBuildPhase section */

/* Begin PBXGroup section */
		374D35A71C16A56100F8BBBB = {
			isa = PBXGroup;
			children = (
				374D35B21C16A56100F8BBBB /* ToDoList */,
				374D35CA1C16A56100F8BBBB /* ToDoListTests */,
				374D35D51C16A56100F8BBBB /* ToDoListUITests */,
				374D35B11C16A56100F8BBBB /* Products */,
			);
			sourceTree = "<group>";
		};
		374D35B11C16A56100F8BBBB /* Products */ = {
			isa = PBXGroup;
			children = (
				374D35B01C16A56100F8BBBB /* ToDoList.app */,
				374D35C71C16A56100F8BBBB /* ToDoListTests.xctest */,
				374D35D21C16A56100F8BBBB /* ToDoListUITests.xctest */,
			);
			name = Products;
			sourceTree = "<group>";
		};
		374D35B21C16A56100F8BBBB /* ToDoList */ = {
			isa = PBXGroup;
			children = (
				374D35B31C16A56100F8BBBB /* AppDelegate.swift */,
				374D35B51C16A56100F8BBBB /* ViewController.swift */,
				374D35B71C16A56100F8BBBB /* Main.storyboard */,
				374D35BD1C16A56100F8BBBB /* Assets.xcassets */,
				374D35BF1C16A56100F8BBBB /* LaunchScreen.storyboard */,
				374D35C21C16A56100F8BBBB /* Info.plist */,
				374D35BA1C16A56100F8BBBB /* ToDoList.xcdatamodeld */,
			);
			path = ToDoList;
			sourceTree = "<group>";
		};
		374D35CA1C16A56100F8BBBB /* ToDoListTests */ = {
			isa = PBXGroup;
			children = (
				374D35CB1C16A56100F8BBBB /* ToDoListTests.swift */,
				374D35CD1C16A56100F8BBBB /* Info.plist */,
			);
			path = ToDoListTests;
			sourceTree = "<group>";
		};
		374D35D51C16A56100F8BBBB /* ToDoListUITests */ = {
			isa = PBXGroup;
			children = (
				374D35D61C16A56100F8BBBB /* ToDoListUITests.swift */,
				374D35D81C16A56100F8BBBB /* Info.plist */,
			);
			path = ToDoListUITests;
			sourceTree = "<group>";
		};
/* End PBXGroup section */

/* Begin PBXNativeTarget section */
		374D35AF1C16A56100F8BBBB /* ToDoList */ = {
			isa = PBXNativeTarget;
			buildConfigurationList = 374D35DB1C16A56100F8BBBB /* Build configuration list for PBXNativeTarget "ToDoList" */;
			buildPhases = (
				374D35AC1C16A56100F8BBBB /* Sources */,
				374D35AD1C16A56100F8BBBB /* Frameworks */,
				374D35AE1C16A56100F8BBBB /* Resources */,
			);
			buildRules = (
			);
			dependencies = (
			);
			name = ToDoList;
			productName = ToDoList;
			productReference = 374D35B01C16A56100F8BBBB /* ToDoList.app */;
			productType = "com.apple.product-type.application";
		};
		374D35C61C16A56100F8BBBB /* ToDoListTests */ = {
			isa = PBXNativeTarget;
			buildConfigurationList = 374D35DE1C16A56100F8BBBB /* Build configuration list for PBXNativeTarget "ToDoListTests" */;
			buildPhases = (
				374D35C31C16A56100F8BBBB /* Sources */,
				374D35C41C16A56100F8BBBB /* Frameworks */,
				374D35C51C16A56100F8BBBB /* Resources */,
			);
			buildRules = (
			);
			dependencies = (
				374D35C91C16A56100F8BBBB /* PBXTargetDependency */,
			);
			name = ToDoListTests;
			productName = ToDoListTests;
			productReference = 374D35C71C16A56100F8BBBB /* ToDoListTests.xctest */;
			productType = "com.apple.product-type.bundle.unit-test";
		};
		374D35D11C16A56100F8BBBB /* ToDoListUITests */ = {
			isa = PBXNativeTarget;
			buildConfigurationList = 374D35E11C16A56100F8BBBB /* Build configuration list for PBXNativeTarget "ToDoListUITests" */;
			buildPhases = (
				374D35CE1C16A56100F8BBBB /* Sources */,
				374D35CF1C16A56100F8BBBB /* Frameworks */,
				374D35D01C16A56100F8BBBB /* Resources */,
			);
			buildRules = (
			);
			dependencies = (
				374D35D41C16A56100F8BBBB /* PBXTargetDependency */,
			);
			name = ToDoListUITests;
			productName = ToDoListUITests;
			productReference = 374D35D21C16A56100F8BBBB /* ToDoListUITests.xctest */;
			productType = "com.apple.product-type.bundle.ui-testing";
		};
/* End PBXNativeTarget section */

/* Begin PBXProject section */
		374D35A81C16A56100F8BBBB /* Project object */ = {
			isa = PBXProject;
			attributes = {
				LastSwiftUpdateCheck = 0710;
				LastUpgradeCheck = 0710;
				ORGANIZATIONNAME = "Mohammed Khan";
				TargetAttributes = {
					374D35AF1C16A56100F8BBBB = {
						CreatedOnToolsVersion = 7.1.1;
					};
					374D35C61C16A56100F8BBBB = {
						CreatedOnToolsVersion = 7.1.1;
						TestTargetID = 374D35AF1C16A56100F8BBBB;
					};
					374D35D11C16A56100F8BBBB = {
						CreatedOnToolsVersion = 7.1.1;
						TestTargetID = 374D35AF1C16A56100F8BBBB;
					};
				};
			};
			buildConfigurationList = 374D35AB1C16A56100F8BBBB /* Build configuration list for PBXProject "ToDoList" */;
			compatibilityVersion = "Xcode 3.2";
			developmentRegion = English;
			hasScannedForEncodings = 0;
			knownRegions = (
				en,
				Base,
			);
			mainGroup = 374D35A71C16A56100F8BBBB;
			productRefGroup = 374D35B11C16A56100F8BBBB /* Products */;
			projectDirPath = "";
			projectRoot = "";
			targets = (
				374D35AF1C16A56100F8BBBB /* ToDoList */,
				374D35C61C16A56100F8BBBB /* ToDoListTests */,
				374D35D11C16A56100F8BBBB /* ToDoListUITests */,
			);
		};
/* End PBXProject section */

/* Begin PBXResourcesBuildPhase section */
		374D35AE1C16A56100F8BBBB /* Resources */ = {
			isa = PBXResourcesBuildPhase;
			buildActionMask = 2147483647;
			files = (
				374D35C11C16A56100F8BBBB /* LaunchScreen.storyboard in Resources */,
				374D35BE1C16A56100F8BBBB /* Assets.xcassets in Resources */,
				374D35B91C16A56100F8BBBB /* Main.storyboard in Resources */,
			);
			runOnlyForDeploymentPostprocessing = 0;
		};
		374D35C51C16A56100F8BBBB /* Resources */ = {
			isa = PBXResourcesBuildPhase;
			buildActionMask = 2147483647;
			files = (
			);
			runOnlyForDeploymentPostprocessing = 0;
		};
		374D35D01C16A56100F8BBBB /* Resources */ = {
			isa = PBXResourcesBuildPhase;
			buildActionMask = 2147483647;
			files = (
			);
			runOnlyForDeploymentPostprocessing = 0;
		};
/* End PBXResourcesBuildPhase section */

/* Begin PBXSourcesBuildPhase section */
		374D35AC1C16A56100F8BBBB /* Sources */ = {
			isa = PBXSourcesBuildPhase;
			buildActionMask = 2147483647;
			files = (
				374D35B61C16A56100F8BBBB /* ViewController.swift in Sources */,
				374D35BC1C16A56100F8BBBB /* ToDoList.xcdatamodeld in Sources */,
				374D35B41C16A56100F8BBBB /* AppDelegate.swift in Sources */,
			);
			runOnlyForDeploymentPostprocessing = 0;
		};
		374D35C31C16A56100F8BBBB /* Sources */ = {
			isa = PBXSourcesBuildPhase;
			buildActionMask = 2147483647;
			files = (
				374D35CC1C16A56100F8BBBB /* ToDoListTests.swift in Sources */,
			);
			runOnlyForDeploymentPostprocessing = 0;
		};
		374D35CE1C16A56100F8BBBB /* Sources */ = {
			isa = PBXSourcesBuildPhase;
			buildActionMask = 2147483647;
			files = (
				374D35D71C16A56100F8BBBB /* ToDoListUITests.swift in Sources */,
			);
			runOnlyForDeploymentPostprocessing = 0;
		};
/* End PBXSourcesBuildPhase section */

/* Begin PBXTargetDependency section */
		374D35C91C16A56100F8BBBB /* PBXTargetDependency */ = {
			isa = PBXTargetDependency;
			target = 374D35AF1C16A56100F8BBBB /* ToDoList */;
			targetProxy = 374D35C81C16A56100F8BBBB /* PBXContainerItemProxy */;
		};
		374D35D41C16A56100F8BBBB /* PBXTargetDependency */ = {
			isa = PBXTargetDependency;
			target = 374D35AF1C16A56100F8BBBB /* ToDoList */;
			targetProxy = 374D35D31C16A56100F8BBBB /* PBXContainerItemProxy */;
		};
/* End PBXTargetDependency section */

/* Begin PBXVariantGroup section */
		374D35B71C16A56100F8BBBB /* Main.storyboard */ = {
			isa = PBXVariantGroup;
			children = (
				374D35B81C16A56100F8BBBB /* Base */,
			);
			name = Main.storyboard;
			sourceTree = "<group>";
		};
		374D35BF1C16A56100F8BBBB /* LaunchScreen.storyboard */ = {
			isa = PBXVariantGroup;
			children = (
				374D35C01C16A56100F8BBBB /* Base */,
			);
			name = LaunchScreen.storyboard;
			sourceTree = "<group>";
		};
/* End PBXVariantGroup section */

/* Begin XCBuildConfiguration section */
		374D35D91C16A56100F8BBBB /* Debug */ = {
			isa = XCBuildConfiguration;
			buildSettings = {
				ALWAYS_SEARCH_USER_PATHS = NO;
				CLANG_CXX_LANGUAGE_STANDARD = "gnu++0x";
				CLANG_CXX_LIBRARY = "libc++";
				CLANG_ENABLE_MODULES = YES;
				CLANG_ENABLE_OBJC_ARC = YES;
				CLANG_WARN_BOOL_CONVERSION = YES;
				CLANG_WARN_CONSTANT_CONVERSION = YES;
				CLANG_WARN_DIRECT_OBJC_ISA_USAGE = YES_ERROR;
				CLANG_WARN_EMPTY_BODY = YES;
				CLANG_WARN_ENUM_CONVERSION = YES;
				CLANG_WARN_INT_CONVERSION = YES;
				CLANG_WARN_OBJC_ROOT_CLASS = YES_ERROR;
				CLANG_WARN_UNREACHABLE_CODE = YES;
				CLANG_WARN__DUPLICATE_METHOD_MATCH = YES;
				"CODE_SIGN_IDENTITY[sdk=iphoneos*]" = "iPhone Developer";
				COPY_PHASE_STRIP = NO;
				DEBUG_INFORMATION_FORMAT = dwarf;
				ENABLE_STRICT_OBJC_MSGSEND = YES;
				ENABLE_TESTABILITY = YES;
				GCC_C_LANGUAGE_STANDARD = gnu99;
				GCC_DYNAMIC_NO_PIC = NO;
				GCC_NO_COMMON_BLOCKS = YES;
				GCC_OPTIMIZATION_LEVEL = 0;
				GCC_PREPROCESSOR_DEFINITIONS = (
					"DEBUG=1",
					"$(inherited)",
				);
				GCC_WARN_64_TO_32_BIT_CONVERSION = YES;
				GCC_WARN_ABOUT_RETURN_TYPE = YES_ERROR;
				GCC_WARN_UNDECLARED_SELECTOR = YES;
				GCC_WARN_UNINITIALIZED_AUTOS = YES_AGGRESSIVE;
				GCC_WARN_UNUSED_FUNCTION = YES;
				GCC_WARN_UNUSED_VARIABLE = YES;
				IPHONEOS_DEPLOYMENT_TARGET = 9.1;
				MTL_ENABLE_DEBUG_INFO = YES;
				ONLY_ACTIVE_ARCH = YES;
				SDKROOT = iphoneos;
				SWIFT_OPTIMIZATION_LEVEL = "-Onone";
			};
			name = Debug;
		};
		374D35DA1C16A56100F8BBBB /* Release */ = {
			isa = XCBuildConfiguration;
			buildSettings = {
				ALWAYS_SEARCH_USER_PATHS = NO;
				CLANG_CXX_LANGUAGE_STANDARD = "gnu++0x";
				CLANG_CXX_LIBRARY = "libc++";
				CLANG_ENABLE_MODULES = YES;
				CLANG_ENABLE_OBJC_ARC = YES;
				CLANG_WARN_BOOL_CONVERSION = YES;
				CLANG_WARN_CONSTANT_CONVERSION = YES;
				CLANG_WARN_DIRECT_OBJC_ISA_USAGE = YES_ERROR;
				CLANG_WARN_EMPTY_BODY = YES;
				CLANG_WARN_ENUM_CONVERSION = YES;
				CLANG_WARN_INT_CONVERSION = YES;
				CLANG_WARN_OBJC_ROOT_CLASS = YES_ERROR;
				CLANG_WARN_UNREACHABLE_CODE = YES;
				CLANG_WARN__DUPLICATE_METHOD_MATCH = YES;
				"CODE_SIGN_IDENTITY[sdk=iphoneos*]" = "iPhone Developer";
				COPY_PHASE_STRIP = NO;
				DEBUG_INFORMATION_FORMAT = "dwarf-with-dsym";
				ENABLE_NS_ASSERTIONS = NO;
				ENABLE_STRICT_OBJC_MSGSEND = YES;
				GCC_C_LANGUAGE_STANDARD = gnu99;
				GCC_NO_COMMON_BLOCKS = YES;
				GCC_WARN_64_TO_32_BIT_CONVERSION = YES;
				GCC_WARN_ABOUT_RETURN_TYPE = YES_ERROR;
				GCC_WARN_UNDECLARED_SELECTOR = YES;
				GCC_WARN_UNINITIALIZED_AUTOS = YES_AGGRESSIVE;
				GCC_WARN_UNUSED_FUNCTION = YES;
				GCC_WARN_UNUSED_VARIABLE = YES;
				IPHONEOS_DEPLOYMENT_TARGET = 9.1;
				MTL_ENABLE_DEBUG_INFO = NO;
				SDKROOT = iphoneos;
				VALIDATE_PRODUCT = YES;
			};
			name = Release;
		};
		374D35DC1C16A56100F8BBBB /* Debug */ = {
			isa = XCBuildConfiguration;
			buildSettings = {
				ASSETCATALOG_COMPILER_APPICON_NAME = AppIcon;
				INFOPLIST_FILE = ToDoList/Info.plist;
				LD_RUNPATH_SEARCH_PATHS = "$(inherited) @executable_path/Frameworks";
				PRODUCT_BUNDLE_IDENTIFIER = MohammedKhan.ToDoList;
				PRODUCT_NAME = "$(TARGET_NAME)";
			};
			name = Debug;
		};
		374D35DD1C16A56100F8BBBB /* Release */ = {
			isa = XCBuildConfiguration;
			buildSettings = {
				ASSETCATALOG_COMPILER_APPICON_NAME = AppIcon;
				INFOPLIST_FILE = ToDoList/Info.plist;
				LD_RUNPATH_SEARCH_PATHS = "$(inherited) @executable_path/Frameworks";
				PRODUCT_BUNDLE_IDENTIFIER = MohammedKhan.ToDoList;
				PRODUCT_NAME = "$(TARGET_NAME)";
			};
			name = Release;
		};
		374D35DF1C16A56100F8BBBB /* Debug */ = {
			isa = XCBuildConfiguration;
			buildSettings = {
				BUNDLE_LOADER = "$(TEST_HOST)";
				INFOPLIST_FILE = ToDoListTests/Info.plist;
				LD_RUNPATH_SEARCH_PATHS = "$(inherited) @executable_path/Frameworks @loader_path/Frameworks";
				PRODUCT_BUNDLE_IDENTIFIER = MohammedKhan.ToDoListTests;
				PRODUCT_NAME = "$(TARGET_NAME)";
				TEST_HOST = "$(BUILT_PRODUCTS_DIR)/ToDoList.app/ToDoList";
			};
			name = Debug;
		};
		374D35E01C16A56100F8BBBB /* Release */ = {
			isa = XCBuildConfiguration;
			buildSettings = {
				BUNDLE_LOADER = "$(TEST_HOST)";
				INFOPLIST_FILE = ToDoListTests/Info.plist;
				LD_RUNPATH_SEARCH_PATHS = "$(inherited) @executable_path/Frameworks @loader_path/Frameworks";
				PRODUCT_BUNDLE_IDENTIFIER = MohammedKhan.ToDoListTests;
				PRODUCT_NAME = "$(TARGET_NAME)";
				TEST_HOST = "$(BUILT_PRODUCTS_DIR)/ToDoList.app/ToDoList";
			};
			name = Release;
		};
		374D35E21C16A56100F8BBBB /* Debug */ = {
			isa = XCBuildConfiguration;
			buildSettings = {
				INFOPLIST_FILE = ToDoListUITests/Info.plist;
				LD_RUNPATH_SEARCH_PATHS = "$(inherited) @executable_path/Frameworks @loader_path/Frameworks";
				PRODUCT_BUNDLE_IDENTIFIER = MohammedKhan.ToDoListUITests;
				PRODUCT_NAME = "$(TARGET_NAME)";
				TEST_TARGET_NAME = ToDoList;
				USES_XCTRUNNER = YES;
			};
			name = Debug;
		};
		374D35E31C16A56100F8BBBB /* Release */ = {
			isa = XCBuildConfiguration;
			buildSettings = {
				INFOPLIST_FILE = ToDoListUITests/Info.plist;
				LD_RUNPATH_SEARCH_PATHS = "$(inherited) @executable_path/Frameworks @loader_path/Frameworks";
				PRODUCT_BUNDLE_IDENTIFIER = MohammedKhan.ToDoListUITests;
				PRODUCT_NAME = "$(TARGET_NAME)";
				TEST_TARGET_NAME = ToDoList;
				USES_XCTRUNNER = YES;
			};
			name = Release;
		};
/* End XCBuildConfiguration section */

/* Begin XCConfigurationList section */
		374D35AB1C16A56100F8BBBB /* Build configuration list for PBXProject "ToDoList" */ = {
			isa = XCConfigurationList;
			buildConfigurations = (
				374D35D91C16A56100F8BBBB /* Debug */,
				374D35DA1C16A56100F8BBBB /* Release */,
			);
			defaultConfigurationIsVisible = 0;
			defaultConfigurationName = Release;
		};
		374D35DB1C16A56100F8BBBB /* Build configuration list for PBXNativeTarget "ToDoList" */ = {
			isa = XCConfigurationList;
			buildConfigurations = (
				374D35DC1C16A56100F8BBBB /* Debug */,
				374D35DD1C16A56100F8BBBB /* Release */,
			);
			defaultConfigurationIsVisible = 0;
		};
		374D35DE1C16A56100F8BBBB /* Build configuration list for PBXNativeTarget "ToDoListTests" */ = {
			isa = XCConfigurationList;
			buildConfigurations = (
				374D35DF1C16A56100F8BBBB /* Debug */,
				374D35E01C16A56100F8BBBB /* Release */,
			);
			defaultConfigurationIsVisible = 0;
		};
		374D35E11C16A56100F8BBBB /* Build configuration list for PBXNativeTarget "ToDoListUITests" */ = {
			isa = XCConfigurationList;
			buildConfigurations = (
				374D35E21C16A56100F8BBBB /* Debug */,
				374D35E31C16A56100F8BBBB /* Release */,
			);
			defaultConfigurationIsVisible = 0;
		};
/* End XCConfigurationList section */

/* Begin XCVersionGroup section */
		374D35BA1C16A56100F8BBBB /* ToDoList.xcdatamodeld */ = {
			isa = XCVersionGroup;
			children = (
				374D35BB1C16A56100F8BBBB /* ToDoList.xcdatamodel */,
			);
			currentVersion = 374D35BB1C16A56100F8BBBB /* ToDoList.xcdatamodel */;
			path = ToDoList.xcdatamodeld;
			sourceTree = "<group>";
			versionGroupType = wrapper.xcdatamodel;
		};
/* End XCVersionGroup section */
	};
	rootObject = 374D35A81C16A56100F8BBBB /* Project object */;
}
